
Microsoft Visual Studio Solution File, Format Version 12.00
# Visual Studio Version 16
VisualStudioVersion = 16.0.31004.235
MinimumVisualStudioVersion = 10.0.40219.1
Project("{2150E333-8FDC-42A3-9474-1A3956D46DE8}") = "01. Based", "01. Based", "{80AB8951-3876-4E60-BF31-851FDB265BAA}"
EndProject
Project("{2150E333-8FDC-42A3-9474-1A3956D46DE8}") = "06. Application", "06. Application", "{5B5EC874-FA04-45FD-AA63-61C3EE3C0934}"
EndProject
Project("{2150E333-8FDC-42A3-9474-1A3956D46DE8}") = "04. Windows", "04. Windows", "{36E147B6-3720-4AD7-8DED-E9CD9AEBB838}"
EndProject
Project("{2150E333-8FDC-42A3-9474-1A3956D46DE8}") = "03. Implements", "03. Implements", "{776B76A9-5F02-4677-80B1-D7F98F49205E}"
EndProject
Project("{2150E333-8FDC-42A3-9474-1A3956D46DE8}") = "02. Core", "02. Core", "{0FC648BB-D1D2-477C-812C-1403A4152F6C}"
EndProject
Project("{FAE04EC0-301F-11D3-BF4B-00C04F79EFBC}") = "DevFlow", "DevFlow\DevFlow.csproj", "{4920FF17-FA96-410D-AC31-F3398D38026C}"
EndProject
Project("{FAE04EC0-301F-11D3-BF4B-00C04F79EFBC}") = "DevFlow.Data", "DevFlow.Data\DevFlow.Data.csproj", "{4F92EC03-384B-4463-8AFC-099C7FB9941C}"
EndProject
Project("{FAE04EC0-301F-11D3-BF4B-00C04F79EFBC}") = "DevFlow.Main", "DevFlow.Main\DevFlow.Main.csproj", "{297D9764-31CC-49FE-AB28-B34774C7F540}"
EndProject
Project("{2150E333-8FDC-42A3-9474-1A3956D46DE8}") = "05. Partials", "05. Partials", "{CC5E4C97-F7ED-45D1-8D55-29046F94937B}"
EndProject
Project("{FAE04EC0-301F-11D3-BF4B-00C04F79EFBC}") = "DevFlow.Resources", "DevFlow.Resources\DevFlow.Resources.csproj", "{049FB84C-5047-416B-B1A2-EBF2A02F0CDB}"
EndProject
Project("{FAE04EC0-301F-11D3-BF4B-00C04F79EFBC}") = "DevFlow.Windowbase", "DevFlow.Windowbase\DevFlow.Windowbase.csproj", "{3D2AAB15-663D-4EF4-B80E-0AFECA05C910}"
EndProject
Project("{FAE04EC0-301F-11D3-BF4B-00C04F79EFBC}") = "DevFlow.Menus", "DevFlow.Menus\DevFlow.Menus.csproj", "{0429B120-7E7C-4C1E-B119-9AD905398D0E}"
EndProject
Project("{FAE04EC0-301F-11D3-BF4B-00C04F79EFBC}") = "DevFlow.Controls", "DevFlow.Controls\DevFlow.Controls.csproj", "{D77874A6-4C26-4CE5-B3FE-4DE1E067E5A8}"
EndProject
Project("{FAE04EC0-301F-11D3-BF4B-00C04F79EFBC}") = "DevFlow.Converter", "DevFlow.Converter\DevFlow.Converter.csproj", "{7C22B438-112A-4554-8F51-78C2992AC632}"
EndProject
Project("{FAE04EC0-301F-11D3-BF4B-00C04F79EFBC}") = "DevFlow.Skins", "DevFlow.Skins\DevFlow.Skins.csproj", "{AA325822-9BB8-4102-BD67-6FC5A5B23F8F}"
EndProject
Project("{FAE04EC0-301F-11D3-BF4B-00C04F79EFBC}") = "DevFlow.Languages", "DevFlow.Languages\DevFlow.Languages.csproj", "{44F5BD64-2816-46E4-B302-4BDF60120CD4}"
EndProject
Project("{FAE04EC0-301F-11D3-BF4B-00C04F79EFBC}") = "DevFlow.LayoutSupport", "DevFlow.LayoutSupport\DevFlow.LayoutSupport.csproj", "{EB691890-E172-4F99-BBB8-6E7D19E63FD1}"
EndProject
Project("{FAE04EC0-301F-11D3-BF4B-00C04F79EFBC}") = "DevFlow.Histories", "DevFlow.Histories\DevFlow.Histories.csproj", "{36F4C6C2-F796-41C0-9B47-DA1BEC97AE5A}"
EndProject
Project("{FAE04EC0-301F-11D3-BF4B-00C04F79EFBC}") = "DevFlow.Colors", "DevFlow.Colors\DevFlow.Colors.csproj", "{D0A1EA4C-FAFD-4ACF-8027-537A354BDF0E}"
EndProject
Project("{FAE04EC0-301F-11D3-BF4B-00C04F79EFBC}") = "DevFlow.Serialization", "DevFlow.Serialization\DevFlow.Serialization.csproj", "{5164EC60-CB8F-41D8-8386-E6B258F8F0C5}"
EndProject
Global
	GlobalSection(SolutionConfigurationPlatforms) = preSolution
		Debug|Any CPU = Debug|Any CPU
		Release|Any CPU = Release|Any CPU
	EndGlobalSection
	GlobalSection(ProjectConfigurationPlatforms) = postSolution
		{4920FF17-FA96-410D-AC31-F3398D38026C}.Debug|Any CPU.ActiveCfg = Debug|Any CPU
		{4920FF17-FA96-410D-AC31-F3398D38026C}.Debug|Any CPU.Build.0 = Debug|Any CPU
		{4920FF17-FA96-410D-AC31-F3398D38026C}.Release|Any CPU.ActiveCfg = Release|Any CPU
		{4920FF17-FA96-410D-AC31-F3398D38026C}.Release|Any CPU.Build.0 = Release|Any CPU
		{4F92EC03-384B-4463-8AFC-099C7FB9941C}.Debug|Any CPU.ActiveCfg = Debug|Any CPU
		{4F92EC03-384B-4463-8AFC-099C7FB9941C}.Debug|Any CPU.Build.0 = Debug|Any CPU
		{4F92EC03-384B-4463-8AFC-099C7FB9941C}.Release|Any CPU.ActiveCfg = Release|Any CPU
		{4F92EC03-384B-4463-8AFC-099C7FB9941C}.Release|Any CPU.Build.0 = Release|Any CPU
		{297D9764-31CC-49FE-AB28-B34774C7F540}.Debug|Any CPU.ActiveCfg = Debug|Any CPU
		{297D9764-31CC-49FE-AB28-B34774C7F540}.Debug|Any CPU.Build.0 = Debug|Any CPU
		{297D9764-31CC-49FE-AB28-B34774C7F540}.Release|Any CPU.ActiveCfg = Release|Any CPU
		{297D9764-31CC-49FE-AB28-B34774C7F540}.Release|Any CPU.Build.0 = Release|Any CPU
		{049FB84C-5047-416B-B1A2-EBF2A02F0CDB}.Debug|Any CPU.ActiveCfg = Debug|Any CPU
		{049FB84C-5047-416B-B1A2-EBF2A02F0CDB}.Debug|Any CPU.Build.0 = Debug|Any CPU
		{049FB84C-5047-416B-B1A2-EBF2A02F0CDB}.Release|Any CPU.ActiveCfg = Release|Any CPU
		{049FB84C-5047-416B-B1A2-EBF2A02F0CDB}.Release|Any CPU.Build.0 = Release|Any CPU
		{3D2AAB15-663D-4EF4-B80E-0AFECA05C910}.Debug|Any CPU.ActiveCfg = Debug|Any CPU
		{3D2AAB15-663D-4EF4-B80E-0AFECA05C910}.Debug|Any CPU.Build.0 = Debug|Any CPU
		{3D2AAB15-663D-4EF4-B80E-0AFECA05C910}.Release|Any CPU.ActiveCfg = Release|Any CPU
		{3D2AAB15-663D-4EF4-B80E-0AFECA05C910}.Release|Any CPU.Build.0 = Release|Any CPU
		{0429B120-7E7C-4C1E-B119-9AD905398D0E}.Debug|Any CPU.ActiveCfg = Debug|Any CPU
		{0429B120-7E7C-4C1E-B119-9AD905398D0E}.Debug|Any CPU.Build.0 = Debug|Any CPU
		{0429B120-7E7C-4C1E-B119-9AD905398D0E}.Release|Any CPU.ActiveCfg = Release|Any CPU
		{0429B120-7E7C-4C1E-B119-9AD905398D0E}.Release|Any CPU.Build.0 = Release|Any CPU
		{D77874A6-4C26-4CE5-B3FE-4DE1E067E5A8}.Debug|Any CPU.ActiveCfg = Debug|Any CPU
		{D77874A6-4C26-4CE5-B3FE-4DE1E067E5A8}.Debug|Any CPU.Build.0 = Debug|Any CPU
		{D77874A6-4C26-4CE5-B3FE-4DE1E067E5A8}.Release|Any CPU.ActiveCfg = Release|Any CPU
		{D77874A6-4C26-4CE5-B3FE-4DE1E067E5A8}.Release|Any CPU.Build.0 = Release|Any CPU
		{7C22B438-112A-4554-8F51-78C2992AC632}.Debug|Any CPU.ActiveCfg = Debug|Any CPU
		{7C22B438-112A-4554-8F51-78C2992AC632}.Debug|Any CPU.Build.0 = Debug|Any CPU
		{7C22B438-112A-4554-8F51-78C2992AC632}.Release|Any CPU.ActiveCfg = Release|Any CPU
		{7C22B438-112A-4554-8F51-78C2992AC632}.Release|Any CPU.Build.0 = Release|Any CPU
		{AA325822-9BB8-4102-BD67-6FC5A5B23F8F}.Debug|Any CPU.ActiveCfg = Debug|Any CPU
		{AA325822-9BB8-4102-BD67-6FC5A5B23F8F}.Debug|Any CPU.Build.0 = Debug|Any CPU
		{AA325822-9BB8-4102-BD67-6FC5A5B23F8F}.Release|Any CPU.ActiveCfg = Release|Any CPU
		{AA325822-9BB8-4102-BD67-6FC5A5B23F8F}.Release|Any CPU.Build.0 = Release|Any CPU
		{44F5BD64-2816-46E4-B302-4BDF60120CD4}.Debug|Any CPU.ActiveCfg = Debug|Any CPU
		{44F5BD64-2816-46E4-B302-4BDF60120CD4}.Debug|Any CPU.Build.0 = Debug|Any CPU
		{44F5BD64-2816-46E4-B302-4BDF60120CD4}.Release|Any CPU.ActiveCfg = Release|Any CPU
		{44F5BD64-2816-46E4-B302-4BDF60120CD4}.Release|Any CPU.Build.0 = Release|Any CPU
		{EB691890-E172-4F99-BBB8-6E7D19E63FD1}.Debug|Any CPU.ActiveCfg = Debug|Any CPU
		{EB691890-E172-4F99-BBB8-6E7D19E63FD1}.Debug|Any CPU.Build.0 = Debug|Any CPU
		{EB691890-E172-4F99-BBB8-6E7D19E63FD1}.Release|Any CPU.ActiveCfg = Release|Any CPU
		{EB691890-E172-4F99-BBB8-6E7D19E63FD1}.Release|Any CPU.Build.0 = Release|Any CPU
		{36F4C6C2-F796-41C0-9B47-DA1BEC97AE5A}.Debug|Any CPU.ActiveCfg = Debug|Any CPU
		{36F4C6C2-F796-41C0-9B47-DA1BEC97AE5A}.Debug|Any CPU.Build.0 = Debug|Any CPU
		{36F4C6C2-F796-41C0-9B47-DA1BEC97AE5A}.Release|Any CPU.ActiveCfg = Release|Any CPU
		{36F4C6C2-F796-41C0-9B47-DA1BEC97AE5A}.Release|Any CPU.Build.0 = Release|Any CPU
		{D0A1EA4C-FAFD-4ACF-8027-537A354BDF0E}.Debug|Any CPU.ActiveCfg = Debug|Any CPU
		{D0A1EA4C-FAFD-4ACF-8027-537A354BDF0E}.Debug|Any CPU.Build.0 = Debug|Any CPU
		{D0A1EA4C-FAFD-4ACF-8027-537A354BDF0E}.Release|Any CPU.ActiveCfg = Release|Any CPU
		{D0A1EA4C-FAFD-4ACF-8027-537A354BDF0E}.Release|Any CPU.Build.0 = Release|Any CPU
		{5164EC60-CB8F-41D8-8386-E6B258F8F0C5}.Debug|Any CPU.ActiveCfg = Debug|Any CPU
		{5164EC60-CB8F-41D8-8386-E6B258F8F0C5}.Debug|Any CPU.Build.0 = Debug|Any CPU
		{5164EC60-CB8F-41D8-8386-E6B258F8F0C5}.Release|Any CPU.ActiveCfg = Release|Any CPU
		{5164EC60-CB8F-41D8-8386-E6B258F8F0C5}.Release|Any CPU.Build.0 = Release|Any CPU
	EndGlobalSection
	GlobalSection(SolutionProperties) = preSolution
		HideSolutionNode = FALSE
	EndGlobalSection
	GlobalSection(NestedProjects) = preSolution
		{4920FF17-FA96-410D-AC31-F3398D38026C} = {5B5EC874-FA04-45FD-AA63-61C3EE3C0934}
		{4F92EC03-384B-4463-8AFC-099C7FB9941C} = {80AB8951-3876-4E60-BF31-851FDB265BAA}
		{297D9764-31CC-49FE-AB28-B34774C7F540} = {36E147B6-3720-4AD7-8DED-E9CD9AEBB838}
		{049FB84C-5047-416B-B1A2-EBF2A02F0CDB} = {776B76A9-5F02-4677-80B1-D7F98F49205E}
		{3D2AAB15-663D-4EF4-B80E-0AFECA05C910} = {80AB8951-3876-4E60-BF31-851FDB265BAA}
		{0429B120-7E7C-4C1E-B119-9AD905398D0E} = {CC5E4C97-F7ED-45D1-8D55-29046F94937B}
		{D77874A6-4C26-4CE5-B3FE-4DE1E067E5A8} = {0FC648BB-D1D2-477C-812C-1403A4152F6C}
		{7C22B438-112A-4554-8F51-78C2992AC632} = {776B76A9-5F02-4677-80B1-D7F98F49205E}
		{AA325822-9BB8-4102-BD67-6FC5A5B23F8F} = {CC5E4C97-F7ED-45D1-8D55-29046F94937B}
		{44F5BD64-2816-46E4-B302-4BDF60120CD4} = {CC5E4C97-F7ED-45D1-8D55-29046F94937B}
		{EB691890-E172-4F99-BBB8-6E7D19E63FD1} = {0FC648BB-D1D2-477C-812C-1403A4152F6C}
		{36F4C6C2-F796-41C0-9B47-DA1BEC97AE5A} = {CC5E4C97-F7ED-45D1-8D55-29046F94937B}
		{D0A1EA4C-FAFD-4ACF-8027-537A354BDF0E} = {CC5E4C97-F7ED-45D1-8D55-29046F94937B}
		{5164EC60-CB8F-41D8-8386-E6B258F8F0C5} = {80AB8951-3876-4E60-BF31-851FDB265BAA}
	EndGlobalSection
	GlobalSection(ExtensibilityGlobals) = postSolution
		SolutionGuid = {D98CFB60-F81E-497B-AA6A-1770892F8EF5}
	EndGlobalSection
EndGlobal
