
Microsoft Visual Studio Solution File, Format Version 12.00
# Visual Studio Version 16
VisualStudioVersion = 16.0.31004.235
MinimumVisualStudioVersion = 10.0.40219.1
Project("{2150E333-8FDC-42A3-9474-1A3956D46DE8}") = "01. Based", "01. Based", "{80AB8951-3876-4E60-BF31-851FDB265BAA}"
EndProject
Project("{FAE04EC0-301F-11D3-BF4B-00C04F79EFBC}") = "DevFlow.Data", "DevFlow.Data\DevFlow.Data.csproj", "{D43C130A-07FA-45F5-9FA9-EEFA3F87EA5E}"
EndProject
Project("{2150E333-8FDC-42A3-9474-1A3956D46DE8}") = "05. Client", "05. Client", "{5B5EC874-FA04-45FD-AA63-61C3EE3C0934}"
EndProject
Project("{2150E333-8FDC-42A3-9474-1A3956D46DE8}") = "04. Presentation", "04. Presentation", "{36E147B6-3720-4AD7-8DED-E9CD9AEBB838}"
EndProject
Project("{FAE04EC0-301F-11D3-BF4B-00C04F79EFBC}") = "DevFlow.Windowbase", "DevFlow.Windowbase\DevFlow.Windowbase.csproj", "{6209F782-2912-4CD6-A208-6D363D1857AD}"
EndProject
Project("{2150E333-8FDC-42A3-9474-1A3956D46DE8}") = "03. Implements", "03. Implements", "{776B76A9-5F02-4677-80B1-D7F98F49205E}"
EndProject
Project("{FAE04EC0-301F-11D3-BF4B-00C04F79EFBC}") = "DevFlow.Resources", "DevFlow.Resources\DevFlow.Resources.csproj", "{BBA355D5-3F53-4B26-82C2-5BC56D2D4A61}"
EndProject
Project("{2150E333-8FDC-42A3-9474-1A3956D46DE8}") = "02. Core", "02. Core", "{0FC648BB-D1D2-477C-812C-1403A4152F6C}"
EndProject
Project("{FAE04EC0-301F-11D3-BF4B-00C04F79EFBC}") = "DevFlow.Controls", "DevFlow.Controls\DevFlow.Controls.csproj", "{0255D82C-F129-4EE9-A405-90803FA9F365}"
EndProject
Project("{FAE04EC0-301F-11D3-BF4B-00C04F79EFBC}") = "DevFlow.Converter", "DevFlow.Converter\DevFlow.Converter.csproj", "{CD905000-6F7A-4CDD-87D8-39AAC15CA77A}"
EndProject
Project("{FAE04EC0-301F-11D3-BF4B-00C04F79EFBC}") = "DevFlow", "DevFlow\DevFlow.csproj", "{60F138B3-8AE9-4B03-859C-9F7610F7CD8E}"
EndProject
Project("{FAE04EC0-301F-11D3-BF4B-00C04F79EFBC}") = "DevFlow.Main", "DevFlow.Main\DevFlow.Main.csproj", "{B678DAC7-0CF6-44A1-A074-6E319F62795D}"
EndProject
Project("{FAE04EC0-301F-11D3-BF4B-00C04F79EFBC}") = "DevFlow.QuickBar", "DevFlow.QuickBar\DevFlow.QuickBar.csproj", "{A36037C3-5D6D-43DD-9948-EC9A057CC00D}"
EndProject
Global
	GlobalSection(SolutionConfigurationPlatforms) = preSolution
		Debug|Any CPU = Debug|Any CPU
		Release|Any CPU = Release|Any CPU
	EndGlobalSection
	GlobalSection(ProjectConfigurationPlatforms) = postSolution
		{D43C130A-07FA-45F5-9FA9-EEFA3F87EA5E}.Debug|Any CPU.ActiveCfg = Debug|Any CPU
		{D43C130A-07FA-45F5-9FA9-EEFA3F87EA5E}.Debug|Any CPU.Build.0 = Debug|Any CPU
		{D43C130A-07FA-45F5-9FA9-EEFA3F87EA5E}.Release|Any CPU.ActiveCfg = Release|Any CPU
		{D43C130A-07FA-45F5-9FA9-EEFA3F87EA5E}.Release|Any CPU.Build.0 = Release|Any CPU
		{6209F782-2912-4CD6-A208-6D363D1857AD}.Debug|Any CPU.ActiveCfg = Debug|Any CPU
		{6209F782-2912-4CD6-A208-6D363D1857AD}.Debug|Any CPU.Build.0 = Debug|Any CPU
		{6209F782-2912-4CD6-A208-6D363D1857AD}.Release|Any CPU.ActiveCfg = Release|Any CPU
		{6209F782-2912-4CD6-A208-6D363D1857AD}.Release|Any CPU.Build.0 = Release|Any CPU
		{BBA355D5-3F53-4B26-82C2-5BC56D2D4A61}.Debug|Any CPU.ActiveCfg = Debug|Any CPU
		{BBA355D5-3F53-4B26-82C2-5BC56D2D4A61}.Debug|Any CPU.Build.0 = Debug|Any CPU
		{BBA355D5-3F53-4B26-82C2-5BC56D2D4A61}.Release|Any CPU.ActiveCfg = Release|Any CPU
		{BBA355D5-3F53-4B26-82C2-5BC56D2D4A61}.Release|Any CPU.Build.0 = Release|Any CPU
		{0255D82C-F129-4EE9-A405-90803FA9F365}.Debug|Any CPU.ActiveCfg = Debug|Any CPU
		{0255D82C-F129-4EE9-A405-90803FA9F365}.Debug|Any CPU.Build.0 = Debug|Any CPU
		{0255D82C-F129-4EE9-A405-90803FA9F365}.Release|Any CPU.ActiveCfg = Release|Any CPU
		{0255D82C-F129-4EE9-A405-90803FA9F365}.Release|Any CPU.Build.0 = Release|Any CPU
		{CD905000-6F7A-4CDD-87D8-39AAC15CA77A}.Debug|Any CPU.ActiveCfg = Debug|Any CPU
		{CD905000-6F7A-4CDD-87D8-39AAC15CA77A}.Debug|Any CPU.Build.0 = Debug|Any CPU
		{CD905000-6F7A-4CDD-87D8-39AAC15CA77A}.Release|Any CPU.ActiveCfg = Release|Any CPU
		{CD905000-6F7A-4CDD-87D8-39AAC15CA77A}.Release|Any CPU.Build.0 = Release|Any CPU
		{60F138B3-8AE9-4B03-859C-9F7610F7CD8E}.Debug|Any CPU.ActiveCfg = Debug|Any CPU
		{60F138B3-8AE9-4B03-859C-9F7610F7CD8E}.Debug|Any CPU.Build.0 = Debug|Any CPU
		{60F138B3-8AE9-4B03-859C-9F7610F7CD8E}.Release|Any CPU.ActiveCfg = Release|Any CPU
		{60F138B3-8AE9-4B03-859C-9F7610F7CD8E}.Release|Any CPU.Build.0 = Release|Any CPU
		{B678DAC7-0CF6-44A1-A074-6E319F62795D}.Debug|Any CPU.ActiveCfg = Debug|Any CPU
		{B678DAC7-0CF6-44A1-A074-6E319F62795D}.Debug|Any CPU.Build.0 = Debug|Any CPU
		{B678DAC7-0CF6-44A1-A074-6E319F62795D}.Release|Any CPU.ActiveCfg = Release|Any CPU
		{B678DAC7-0CF6-44A1-A074-6E319F62795D}.Release|Any CPU.Build.0 = Release|Any CPU
		{A36037C3-5D6D-43DD-9948-EC9A057CC00D}.Debug|Any CPU.ActiveCfg = Debug|Any CPU
		{A36037C3-5D6D-43DD-9948-EC9A057CC00D}.Debug|Any CPU.Build.0 = Debug|Any CPU
		{A36037C3-5D6D-43DD-9948-EC9A057CC00D}.Release|Any CPU.ActiveCfg = Release|Any CPU
		{A36037C3-5D6D-43DD-9948-EC9A057CC00D}.Release|Any CPU.Build.0 = Release|Any CPU
	EndGlobalSection
	GlobalSection(SolutionProperties) = preSolution
		HideSolutionNode = FALSE
	EndGlobalSection
	GlobalSection(NestedProjects) = preSolution
		{D43C130A-07FA-45F5-9FA9-EEFA3F87EA5E} = {80AB8951-3876-4E60-BF31-851FDB265BAA}
		{6209F782-2912-4CD6-A208-6D363D1857AD} = {80AB8951-3876-4E60-BF31-851FDB265BAA}
		{BBA355D5-3F53-4B26-82C2-5BC56D2D4A61} = {776B76A9-5F02-4677-80B1-D7F98F49205E}
		{0255D82C-F129-4EE9-A405-90803FA9F365} = {0FC648BB-D1D2-477C-812C-1403A4152F6C}
		{CD905000-6F7A-4CDD-87D8-39AAC15CA77A} = {0FC648BB-D1D2-477C-812C-1403A4152F6C}
		{60F138B3-8AE9-4B03-859C-9F7610F7CD8E} = {5B5EC874-FA04-45FD-AA63-61C3EE3C0934}
		{B678DAC7-0CF6-44A1-A074-6E319F62795D} = {36E147B6-3720-4AD7-8DED-E9CD9AEBB838}
		{A36037C3-5D6D-43DD-9948-EC9A057CC00D} = {36E147B6-3720-4AD7-8DED-E9CD9AEBB838}
	EndGlobalSection
	GlobalSection(ExtensibilityGlobals) = postSolution
		SolutionGuid = {D98CFB60-F81E-497B-AA6A-1770892F8EF5}
	EndGlobalSection
EndGlobal
